// !$*UTF8*$!
{
	archiveVersion = 1;
	classes = {
	};
	objectVersion = 56;
	objects = {

/* Begin PBXBuildFile section */
		06A29583291DDFC5006FACEF /* EmployeeDirectoryApp.swift in Sources */ = {isa = PBXBuildFile; fileRef = 06A29582291DDFC5006FACEF /* EmployeeDirectoryApp.swift */; };
		06A29585291DDFC5006FACEF /* ContentView.swift in Sources */ = {isa = PBXBuildFile; fileRef = 06A29584291DDFC5006FACEF /* ContentView.swift */; };
		06A29587291DDFC7006FACEF /* Assets.xcassets in Resources */ = {isa = PBXBuildFile; fileRef = 06A29586291DDFC7006FACEF /* Assets.xcassets */; };
		06A2958A291DDFC7006FACEF /* Preview Assets.xcassets in Resources */ = {isa = PBXBuildFile; fileRef = 06A29589291DDFC7006FACEF /* Preview Assets.xcassets */; };
		06A29594291DDFC8006FACEF /* EmployeeDirectoryTests.swift in Sources */ = {isa = PBXBuildFile; fileRef = 06A29593291DDFC8006FACEF /* EmployeeDirectoryTests.swift */; };
		06A2959E291DDFC8006FACEF /* EmployeeDirectoryUITests.swift in Sources */ = {isa = PBXBuildFile; fileRef = 06A2959D291DDFC8006FACEF /* EmployeeDirectoryUITests.swift */; };
		06A295A0291DDFC8006FACEF /* EmployeeDirectoryUITestsLaunchTests.swift in Sources */ = {isa = PBXBuildFile; fileRef = 06A2959F291DDFC8006FACEF /* EmployeeDirectoryUITestsLaunchTests.swift */; };
		06A295AD291DE013006FACEF /* EmployeeCell.swift in Sources */ = {isa = PBXBuildFile; fileRef = 06A295AC291DE013006FACEF /* EmployeeCell.swift */; };
		06A295AF291DE0B6006FACEF /* NetworkManager.swift in Sources */ = {isa = PBXBuildFile; fileRef = 06A295AE291DE0B6006FACEF /* NetworkManager.swift */; };
		06A295B1291DE0BD006FACEF /* Employee.swift in Sources */ = {isa = PBXBuildFile; fileRef = 06A295B0291DE0BD006FACEF /* Employee.swift */; };
/* End PBXBuildFile section */

/* Begin PBXContainerItemProxy section */
		06A29590291DDFC8006FACEF /* PBXContainerItemProxy */ = {
			isa = PBXContainerItemProxy;
			containerPortal = 06A29577291DDFC5006FACEF /* Project object */;
			proxyType = 1;
			remoteGlobalIDString = 06A2957E291DDFC5006FACEF;
			remoteInfo = EmployeeDirectory;
		};
		06A2959A291DDFC8006FACEF /* PBXContainerItemProxy */ = {
			isa = PBXContainerItemProxy;
			containerPortal = 06A29577291DDFC5006FACEF /* Project object */;
			proxyType = 1;
			remoteGlobalIDString = 06A2957E291DDFC5006FACEF;
			remoteInfo = EmployeeDirectory;
		};
/* End PBXContainerItemProxy section */

/* Begin PBXFileReference section */
		06A2957F291DDFC5006FACEF /* EmployeeDirectory.app */ = {isa = PBXFileReference; explicitFileType = wrapper.application; includeInIndex = 0; path = EmployeeDirectory.app; sourceTree = BUILT_PRODUCTS_DIR; };
		06A29582291DDFC5006FACEF /* EmployeeDirectoryApp.swift */ = {isa = PBXFileReference; lastKnownFileType = sourcecode.swift; path = EmployeeDirectoryApp.swift; sourceTree = "<group>"; };
		06A29584291DDFC5006FACEF /* ContentView.swift */ = {isa = PBXFileReference; lastKnownFileType = sourcecode.swift; path = ContentView.swift; sourceTree = "<group>"; };
		06A29586291DDFC7006FACEF /* Assets.xcassets */ = {isa = PBXFileReference; lastKnownFileType = folder.assetcatalog; path = Assets.xcassets; sourceTree = "<group>"; };
		06A29589291DDFC7006FACEF /* Preview Assets.xcassets */ = {isa = PBXFileReference; lastKnownFileType = folder.assetcatalog; path = "Preview Assets.xcassets"; sourceTree = "<group>"; };
		06A2958F291DDFC8006FACEF /* EmployeeDirectoryTests.xctest */ = {isa = PBXFileReference; explicitFileType = wrapper.cfbundle; includeInIndex = 0; path = EmployeeDirectoryTests.xctest; sourceTree = BUILT_PRODUCTS_DIR; };
		06A29593291DDFC8006FACEF /* EmployeeDirectoryTests.swift */ = {isa = PBXFileReference; lastKnownFileType = sourcecode.swift; path = EmployeeDirectoryTests.swift; sourceTree = "<group>"; };
		06A29599291DDFC8006FACEF /* EmployeeDirectoryUITests.xctest */ = {isa = PBXFileReference; explicitFileType = wrapper.cfbundle; includeInIndex = 0; path = EmployeeDirectoryUITests.xctest; sourceTree = BUILT_PRODUCTS_DIR; };
		06A2959D291DDFC8006FACEF /* EmployeeDirectoryUITests.swift */ = {isa = PBXFileReference; lastKnownFileType = sourcecode.swift; path = EmployeeDirectoryUITests.swift; sourceTree = "<group>"; };
		06A2959F291DDFC8006FACEF /* EmployeeDirectoryUITestsLaunchTests.swift */ = {isa = PBXFileReference; lastKnownFileType = sourcecode.swift; path = EmployeeDirectoryUITestsLaunchTests.swift; sourceTree = "<group>"; };
		06A295AC291DE013006FACEF /* EmployeeCell.swift */ = {isa = PBXFileReference; lastKnownFileType = sourcecode.swift; path = EmployeeCell.swift; sourceTree = "<group>"; };
		06A295AE291DE0B6006FACEF /* NetworkManager.swift */ = {isa = PBXFileReference; lastKnownFileType = sourcecode.swift; path = NetworkManager.swift; sourceTree = "<group>"; };
		06A295B0291DE0BD006FACEF /* Employee.swift */ = {isa = PBXFileReference; lastKnownFileType = sourcecode.swift; path = Employee.swift; sourceTree = "<group>"; };
/* End PBXFileReference section */

/* Begin PBXFrameworksBuildPhase section */
		06A2957C291DDFC5006FACEF /* Frameworks */ = {
			isa = PBXFrameworksBuildPhase;
			buildActionMask = 2147483647;
			files = (
			);
			runOnlyForDeploymentPostprocessing = 0;
		};
		06A2958C291DDFC8006FACEF /* Frameworks */ = {
			isa = PBXFrameworksBuildPhase;
			buildActionMask = 2147483647;
			files = (
			);
			runOnlyForDeploymentPostprocessing = 0;
		};
		06A29596291DDFC8006FACEF /* Frameworks */ = {
			isa = PBXFrameworksBuildPhase;
			buildActionMask = 2147483647;
			files = (
			);
			runOnlyForDeploymentPostprocessing = 0;
		};
/* End PBXFrameworksBuildPhase section */

/* Begin PBXGroup section */
		06A29576291DDFC5006FACEF = {
			isa = PBXGroup;
			children = (
				06A29581291DDFC5006FACEF /* EmployeeDirectory */,
				06A29592291DDFC8006FACEF /* EmployeeDirectoryTests */,
				06A2959C291DDFC8006FACEF /* EmployeeDirectoryUITests */,
				06A29580291DDFC5006FACEF /* Products */,
			);
			sourceTree = "<group>";
		};
		06A29580291DDFC5006FACEF /* Products */ = {
			isa = PBXGroup;
			children = (
				06A2957F291DDFC5006FACEF /* EmployeeDirectory.app */,
				06A2958F291DDFC8006FACEF /* EmployeeDirectoryTests.xctest */,
				06A29599291DDFC8006FACEF /* EmployeeDirectoryUITests.xctest */,
			);
			name = Products;
			sourceTree = "<group>";
		};
		06A29581291DDFC5006FACEF /* EmployeeDirectory */ = {
			isa = PBXGroup;
			children = (
				06A29582291DDFC5006FACEF /* EmployeeDirectoryApp.swift */,
				06A29584291DDFC5006FACEF /* ContentView.swift */,
				06A295AC291DE013006FACEF /* EmployeeCell.swift */,
				06A295AE291DE0B6006FACEF /* NetworkManager.swift */,
				06A295B2291DE0C2006FACEF /* Models */,
				06A29586291DDFC7006FACEF /* Assets.xcassets */,
				06A29588291DDFC7006FACEF /* Preview Content */,
			);
			path = EmployeeDirectory;
			sourceTree = "<group>";
		};
		06A29588291DDFC7006FACEF /* Preview Content */ = {
			isa = PBXGroup;
			children = (
				06A29589291DDFC7006FACEF /* Preview Assets.xcassets */,
			);
			path = "Preview Content";
			sourceTree = "<group>";
		};
		06A29592291DDFC8006FACEF /* EmployeeDirectoryTests */ = {
			isa = PBXGroup;
			children = (
				06A29593291DDFC8006FACEF /* EmployeeDirectoryTests.swift */,
			);
			path = EmployeeDirectoryTests;
			sourceTree = "<group>";
		};
		06A2959C291DDFC8006FACEF /* EmployeeDirectoryUITests */ = {
			isa = PBXGroup;
			children = (
				06A2959D291DDFC8006FACEF /* EmployeeDirectoryUITests.swift */,
				06A2959F291DDFC8006FACEF /* EmployeeDirectoryUITestsLaunchTests.swift */,
			);
			path = EmployeeDirectoryUITests;
			sourceTree = "<group>";
		};
		06A295B2291DE0C2006FACEF /* Models */ = {
			isa = PBXGroup;
			children = (
				06A295B0291DE0BD006FACEF /* Employee.swift */,
			);
			path = Models;
			sourceTree = "<group>";
		};
/* End PBXGroup section */

/* Begin PBXNativeTarget section */
		06A2957E291DDFC5006FACEF /* EmployeeDirectory */ = {
			isa = PBXNativeTarget;
			buildConfigurationList = 06A295A3291DDFC8006FACEF /* Build configuration list for PBXNativeTarget "EmployeeDirectory" */;
			buildPhases = (
				06A2957B291DDFC5006FACEF /* Sources */,
				06A2957C291DDFC5006FACEF /* Frameworks */,
				06A2957D291DDFC5006FACEF /* Resources */,
			);
			buildRules = (
			);
			dependencies = (
			);
			name = EmployeeDirectory;
			productName = EmployeeDirectory;
			productReference = 06A2957F291DDFC5006FACEF /* EmployeeDirectory.app */;
			productType = "com.apple.product-type.application";
		};
		06A2958E291DDFC8006FACEF /* EmployeeDirectoryTests */ = {
			isa = PBXNativeTarget;
			buildConfigurationList = 06A295A6291DDFC8006FACEF /* Build configuration list for PBXNativeTarget "EmployeeDirectoryTests" */;
			buildPhases = (
				06A2958B291DDFC8006FACEF /* Sources */,
				06A2958C291DDFC8006FACEF /* Frameworks */,
				06A2958D291DDFC8006FACEF /* Resources */,
			);
			buildRules = (
			);
			dependencies = (
				06A29591291DDFC8006FACEF /* PBXTargetDependency */,
			);
			name = EmployeeDirectoryTests;
			productName = EmployeeDirectoryTests;
			productReference = 06A2958F291DDFC8006FACEF /* EmployeeDirectoryTests.xctest */;
			productType = "com.apple.product-type.bundle.unit-test";
		};
		06A29598291DDFC8006FACEF /* EmployeeDirectoryUITests */ = {
			isa = PBXNativeTarget;
			buildConfigurationList = 06A295A9291DDFC8006FACEF /* Build configuration list for PBXNativeTarget "EmployeeDirectoryUITests" */;
			buildPhases = (
				06A29595291DDFC8006FACEF /* Sources */,
				06A29596291DDFC8006FACEF /* Frameworks */,
				06A29597291DDFC8006FACEF /* Resources */,
			);
			buildRules = (
			);
			dependencies = (
				06A2959B291DDFC8006FACEF /* PBXTargetDependency */,
			);
			name = EmployeeDirectoryUITests;
			productName = EmployeeDirectoryUITests;
			productReference = 06A29599291DDFC8006FACEF /* EmployeeDirectoryUITests.xctest */;
			productType = "com.apple.product-type.bundle.ui-testing";
		};
/* End PBXNativeTarget section */

/* Begin PBXProject section */
		06A29577291DDFC5006FACEF /* Project object */ = {
			isa = PBXProject;
			attributes = {
				BuildIndependentTargetsInParallel = 1;
				LastSwiftUpdateCheck = 1400;
				LastUpgradeCheck = 1400;
				TargetAttributes = {
					06A2957E291DDFC5006FACEF = {
						CreatedOnToolsVersion = 14.0;
					};
					06A2958E291DDFC8006FACEF = {
						CreatedOnToolsVersion = 14.0;
						TestTargetID = 06A2957E291DDFC5006FACEF;
					};
					06A29598291DDFC8006FACEF = {
						CreatedOnToolsVersion = 14.0;
						TestTargetID = 06A2957E291DDFC5006FACEF;
					};
				};
			};
			buildConfigurationList = 06A2957A291DDFC5006FACEF /* Build configuration list for PBXProject "EmployeeDirectory" */;
			compatibilityVersion = "Xcode 14.0";
			developmentRegion = en;
			hasScannedForEncodings = 0;
			knownRegions = (
				en,
				Base,
			);
			mainGroup = 06A29576291DDFC5006FACEF;
			productRefGroup = 06A29580291DDFC5006FACEF /* Products */;
			projectDirPath = "";
			projectRoot = "";
			targets = (
				06A2957E291DDFC5006FACEF /* EmployeeDirectory */,
				06A2958E291DDFC8006FACEF /* EmployeeDirectoryTests */,
				06A29598291DDFC8006FACEF /* EmployeeDirectoryUITests */,
			);
		};
/* End PBXProject section */

/* Begin PBXResourcesBuildPhase section */
		06A2957D291DDFC5006FACEF /* Resources */ = {
			isa = PBXResourcesBuildPhase;
			buildActionMask = 2147483647;
			files = (
				06A2958A291DDFC7006FACEF /* Preview Assets.xcassets in Resources */,
				06A29587291DDFC7006FACEF /* Assets.xcassets in Resources */,
			);
			runOnlyForDeploymentPostprocessing = 0;
		};
		06A2958D291DDFC8006FACEF /* Resources */ = {
			isa = PBXResourcesBuildPhase;
			buildActionMask = 2147483647;
			files = (
			);
			runOnlyForDeploymentPostprocessing = 0;
		};
		06A29597291DDFC8006FACEF /* Resources */ = {
			isa = PBXResourcesBuildPhase;
			buildActionMask = 2147483647;
			files = (
			);
			runOnlyForDeploymentPostprocessing = 0;
		};
/* End PBXResourcesBuildPhase section */

/* Begin PBXSourcesBuildPhase section */
		06A2957B291DDFC5006FACEF /* Sources */ = {
			isa = PBXSourcesBuildPhase;
			buildActionMask = 2147483647;
			files = (
				06A295AF291DE0B6006FACEF /* NetworkManager.swift in Sources */,
				06A295AD291DE013006FACEF /* EmployeeCell.swift in Sources */,
				06A29585291DDFC5006FACEF /* ContentView.swift in Sources */,
				06A295B1291DE0BD006FACEF /* Employee.swift in Sources */,
				06A29583291DDFC5006FACEF /* EmployeeDirectoryApp.swift in Sources */,
			);
			runOnlyForDeploymentPostprocessing = 0;
		};
		06A2958B291DDFC8006FACEF /* Sources */ = {
			isa = PBXSourcesBuildPhase;
			buildActionMask = 2147483647;
			files = (
				06A29594291DDFC8006FACEF /* EmployeeDirectoryTests.swift in Sources */,
			);
			runOnlyForDeploymentPostprocessing = 0;
		};
		06A29595291DDFC8006FACEF /* Sources */ = {
			isa = PBXSourcesBuildPhase;
			buildActionMask = 2147483647;
			files = (
				06A295A0291DDFC8006FACEF /* EmployeeDirectoryUITestsLaunchTests.swift in Sources */,
				06A2959E291DDFC8006FACEF /* EmployeeDirectoryUITests.swift in Sources */,
			);
			runOnlyForDeploymentPostprocessing = 0;
		};
/* End PBXSourcesBuildPhase section */

/* Begin PBXTargetDependency section */
		06A29591291DDFC8006FACEF /* PBXTargetDependency */ = {
			isa = PBXTargetDependency;
			target = 06A2957E291DDFC5006FACEF /* EmployeeDirectory */;
			targetProxy = 06A29590291DDFC8006FACEF /* PBXContainerItemProxy */;
		};
		06A2959B291DDFC8006FACEF /* PBXTargetDependency */ = {
			isa = PBXTargetDependency;
			target = 06A2957E291DDFC5006FACEF /* EmployeeDirectory */;
			targetProxy = 06A2959A291DDFC8006FACEF /* PBXContainerItemProxy */;
		};
/* End PBXTargetDependency section */

/* Begin XCBuildConfiguration section */
		06A295A1291DDFC8006FACEF /* Debug */ = {
			isa = XCBuildConfiguration;
			buildSettings = {
				ALWAYS_SEARCH_USER_PATHS = NO;
				CLANG_ANALYZER_NONNULL = YES;
				CLANG_ANALYZER_NUMBER_OBJECT_CONVERSION = YES_AGGRESSIVE;
				CLANG_CXX_LANGUAGE_STANDARD = "gnu++20";
				CLANG_ENABLE_MODULES = YES;
				CLANG_ENABLE_OBJC_ARC = YES;
				CLANG_ENABLE_OBJC_WEAK = YES;
				CLANG_WARN_BLOCK_CAPTURE_AUTORELEASING = YES;
				CLANG_WARN_BOOL_CONVERSION = YES;
				CLANG_WARN_COMMA = YES;
				CLANG_WARN_CONSTANT_CONVERSION = YES;
				CLANG_WARN_DEPRECATED_OBJC_IMPLEMENTATIONS = YES;
				CLANG_WARN_DIRECT_OBJC_ISA_USAGE = YES_ERROR;
				CLANG_WARN_DOCUMENTATION_COMMENTS = YES;
				CLANG_WARN_EMPTY_BODY = YES;
				CLANG_WARN_ENUM_CONVERSION = YES;
				CLANG_WARN_INFINITE_RECURSION = YES;
				CLANG_WARN_INT_CONVERSION = YES;
				CLANG_WARN_NON_LITERAL_NULL_CONVERSION = YES;
				CLANG_WARN_OBJC_IMPLICIT_RETAIN_SELF = YES;
				CLANG_WARN_OBJC_LITERAL_CONVERSION = YES;
				CLANG_WARN_OBJC_ROOT_CLASS = YES_ERROR;
				CLANG_WARN_QUOTED_INCLUDE_IN_FRAMEWORK_HEADER = YES;
				CLANG_WARN_RANGE_LOOP_ANALYSIS = YES;
				CLANG_WARN_STRICT_PROTOTYPES = YES;
				CLANG_WARN_SUSPICIOUS_MOVE = YES;
				CLANG_WARN_UNGUARDED_AVAILABILITY = YES_AGGRESSIVE;
				CLANG_WARN_UNREACHABLE_CODE = YES;
				CLANG_WARN__DUPLICATE_METHOD_MATCH = YES;
				COPY_PHASE_STRIP = NO;
				DEBUG_INFORMATION_FORMAT = dwarf;
				ENABLE_STRICT_OBJC_MSGSEND = YES;
				ENABLE_TESTABILITY = YES;
				GCC_C_LANGUAGE_STANDARD = gnu11;
				GCC_DYNAMIC_NO_PIC = NO;
				GCC_NO_COMMON_BLOCKS = YES;
				GCC_OPTIMIZATION_LEVEL = 0;
				GCC_PREPROCESSOR_DEFINITIONS = (
					"DEBUG=1",
					"$(inherited)",
				);
				GCC_WARN_64_TO_32_BIT_CONVERSION = YES;
				GCC_WARN_ABOUT_RETURN_TYPE = YES_ERROR;
				GCC_WARN_UNDECLARED_SELECTOR = YES;
				GCC_WARN_UNINITIALIZED_AUTOS = YES_AGGRESSIVE;
				GCC_WARN_UNUSED_FUNCTION = YES;
				GCC_WARN_UNUSED_VARIABLE = YES;
				IPHONEOS_DEPLOYMENT_TARGET = 16.0;
				MTL_ENABLE_DEBUG_INFO = INCLUDE_SOURCE;
				MTL_FAST_MATH = YES;
				ONLY_ACTIVE_ARCH = YES;
				SDKROOT = iphoneos;
				SWIFT_ACTIVE_COMPILATION_CONDITIONS = DEBUG;
				SWIFT_OPTIMIZATION_LEVEL = "-Onone";
			};
			name = Debug;
		};
		06A295A2291DDFC8006FACEF /* Release */ = {
			isa = XCBuildConfiguration;
			buildSettings = {
				ALWAYS_SEARCH_USER_PATHS = NO;
				CLANG_ANALYZER_NONNULL = YES;
				CLANG_ANALYZER_NUMBER_OBJECT_CONVERSION = YES_AGGRESSIVE;
				CLANG_CXX_LANGUAGE_STANDARD = "gnu++20";
				CLANG_ENABLE_MODULES = YES;
				CLANG_ENABLE_OBJC_ARC = YES;
				CLANG_ENABLE_OBJC_WEAK = YES;
				CLANG_WARN_BLOCK_CAPTURE_AUTORELEASING = YES;
				CLANG_WARN_BOOL_CONVERSION = YES;
				CLANG_WARN_COMMA = YES;
				CLANG_WARN_CONSTANT_CONVERSION = YES;
				CLANG_WARN_DEPRECATED_OBJC_IMPLEMENTATIONS = YES;
				CLANG_WARN_DIRECT_OBJC_ISA_USAGE = YES_ERROR;
				CLANG_WARN_DOCUMENTATION_COMMENTS = YES;
				CLANG_WARN_EMPTY_BODY = YES;
				CLANG_WARN_ENUM_CONVERSION = YES;
				CLANG_WARN_INFINITE_RECURSION = YES;
				CLANG_WARN_INT_CONVERSION = YES;
				CLANG_WARN_NON_LITERAL_NULL_CONVERSION = YES;
				CLANG_WARN_OBJC_IMPLICIT_RETAIN_SELF = YES;
				CLANG_WARN_OBJC_LITERAL_CONVERSION = YES;
				CLANG_WARN_OBJC_ROOT_CLASS = YES_ERROR;
				CLANG_WARN_QUOTED_INCLUDE_IN_FRAMEWORK_HEADER = YES;
				CLANG_WARN_RANGE_LOOP_ANALYSIS = YES;
				CLANG_WARN_STRICT_PROTOTYPES = YES;
				CLANG_WARN_SUSPICIOUS_MOVE = YES;
				CLANG_WARN_UNGUARDED_AVAILABILITY = YES_AGGRESSIVE;
				CLANG_WARN_UNREACHABLE_CODE = YES;
				CLANG_WARN__DUPLICATE_METHOD_MATCH = YES;
				COPY_PHASE_STRIP = NO;
				DEBUG_INFORMATION_FORMAT = "dwarf-with-dsym";
				ENABLE_NS_ASSERTIONS = NO;
				ENABLE_STRICT_OBJC_MSGSEND = YES;
				GCC_C_LANGUAGE_STANDARD = gnu11;
				GCC_NO_COMMON_BLOCKS = YES;
				GCC_WARN_64_TO_32_BIT_CONVERSION = YES;
				GCC_WARN_ABOUT_RETURN_TYPE = YES_ERROR;
				GCC_WARN_UNDECLARED_SELECTOR = YES;
				GCC_WARN_UNINITIALIZED_AUTOS = YES_AGGRESSIVE;
				GCC_WARN_UNUSED_FUNCTION = YES;
				GCC_WARN_UNUSED_VARIABLE = YES;
				IPHONEOS_DEPLOYMENT_TARGET = 16.0;
				MTL_ENABLE_DEBUG_INFO = NO;
				MTL_FAST_MATH = YES;
				SDKROOT = iphoneos;
				SWIFT_COMPILATION_MODE = wholemodule;
				SWIFT_OPTIMIZATION_LEVEL = "-O";
				VALIDATE_PRODUCT = YES;
			};
			name = Release;
		};
		06A295A4291DDFC8006FACEF /* Debug */ = {
			isa = XCBuildConfiguration;
			buildSettings = {
				ASSETCATALOG_COMPILER_APPICON_NAME = AppIcon;
				ASSETCATALOG_COMPILER_GLOBAL_ACCENT_COLOR_NAME = AccentColor;
				CODE_SIGN_STYLE = Automatic;
				CURRENT_PROJECT_VERSION = 1;
				DEVELOPMENT_ASSET_PATHS = "\"EmployeeDirectory/Preview Content\"";
				ENABLE_PREVIEWS = YES;
				GENERATE_INFOPLIST_FILE = YES;
				INFOPLIST_KEY_UIApplicationSceneManifest_Generation = YES;
				INFOPLIST_KEY_UIApplicationSupportsIndirectInputEvents = YES;
				INFOPLIST_KEY_UILaunchScreen_Generation = YES;
				INFOPLIST_KEY_UISupportedInterfaceOrientations_iPad = "UIInterfaceOrientationPortrait UIInterfaceOrientationPortraitUpsideDown UIInterfaceOrientationLandscapeLeft UIInterfaceOrientationLandscapeRight";
				INFOPLIST_KEY_UISupportedInterfaceOrientations_iPhone = "UIInterfaceOrientationPortrait UIInterfaceOrientationLandscapeLeft UIInterfaceOrientationLandscapeRight";
				LD_RUNPATH_SEARCH_PATHS = (
					"$(inherited)",
					"@executable_path/Frameworks",
				);
				MARKETING_VERSION = 1.0;
				PRODUCT_BUNDLE_IDENTIFIER = com.bsakhuja.EmployeeDirectory;
				PRODUCT_NAME = "$(TARGET_NAME)";
				SWIFT_EMIT_LOC_STRINGS = YES;
				SWIFT_VERSION = 5.0;
				TARGETED_DEVICE_FAMILY = "1,2";
			};
			name = Debug;
		};
		06A295A5291DDFC8006FACEF /* Release */ = {
			isa = XCBuildConfiguration;
			buildSettings = {
				ASSETCATALOG_COMPILER_APPICON_NAME = AppIcon;
				ASSETCATALOG_COMPILER_GLOBAL_ACCENT_COLOR_NAME = AccentColor;
				CODE_SIGN_STYLE = Automatic;
				CURRENT_PROJECT_VERSION = 1;
				DEVELOPMENT_ASSET_PATHS = "\"EmployeeDirectory/Preview Content\"";
				ENABLE_PREVIEWS = YES;
				GENERATE_INFOPLIST_FILE = YES;
				INFOPLIST_KEY_UIApplicationSceneManifest_Generation = YES;
				INFOPLIST_KEY_UIApplicationSupportsIndirectInputEvents = YES;
				INFOPLIST_KEY_UILaunchScreen_Generation = YES;
				INFOPLIST_KEY_UISupportedInterfaceOrientations_iPad = "UIInterfaceOrientationPortrait UIInterfaceOrientationPortraitUpsideDown UIInterfaceOrientationLandscapeLeft UIInterfaceOrientationLandscapeRight";
				INFOPLIST_KEY_UISupportedInterfaceOrientations_iPhone = "UIInterfaceOrientationPortrait UIInterfaceOrientationLandscapeLeft UIInterfaceOrientationLandscapeRight";
				LD_RUNPATH_SEARCH_PATHS = (
					"$(inherited)",
					"@executable_path/Frameworks",
				);
				MARKETING_VERSION = 1.0;
				PRODUCT_BUNDLE_IDENTIFIER = com.bsakhuja.EmployeeDirectory;
				PRODUCT_NAME = "$(TARGET_NAME)";
				SWIFT_EMIT_LOC_STRINGS = YES;
				SWIFT_VERSION = 5.0;
				TARGETED_DEVICE_FAMILY = "1,2";
			};
			name = Release;
		};
		06A295A7291DDFC8006FACEF /* Debug */ = {
			isa = XCBuildConfiguration;
			buildSettings = {
				ALWAYS_EMBED_SWIFT_STANDARD_LIBRARIES = YES;
				BUNDLE_LOADER = "$(TEST_HOST)";
				CODE_SIGN_STYLE = Automatic;
				CURRENT_PROJECT_VERSION = 1;
				GENERATE_INFOPLIST_FILE = YES;
				IPHONEOS_DEPLOYMENT_TARGET = 16.0;
				MARKETING_VERSION = 1.0;
				PRODUCT_BUNDLE_IDENTIFIER = com.bsakhuja.EmployeeDirectoryTests;
				PRODUCT_NAME = "$(TARGET_NAME)";
				SWIFT_EMIT_LOC_STRINGS = NO;
				SWIFT_VERSION = 5.0;
				TARGETED_DEVICE_FAMILY = "1,2";
				TEST_HOST = "$(BUILT_PRODUCTS_DIR)/EmployeeDirectory.app/$(BUNDLE_EXECUTABLE_FOLDER_PATH)/EmployeeDirectory";
			};
			name = Debug;
		};
		06A295A8291DDFC8006FACEF /* Release */ = {
			isa = XCBuildConfiguration;
			buildSettings = {
				ALWAYS_EMBED_SWIFT_STANDARD_LIBRARIES = YES;
				BUNDLE_LOADER = "$(TEST_HOST)";
				CODE_SIGN_STYLE = Automatic;
				CURRENT_PROJECT_VERSION = 1;
				GENERATE_INFOPLIST_FILE = YES;
				IPHONEOS_DEPLOYMENT_TARGET = 16.0;
				MARKETING_VERSION = 1.0;
				PRODUCT_BUNDLE_IDENTIFIER = com.bsakhuja.EmployeeDirectoryTests;
				PRODUCT_NAME = "$(TARGET_NAME)";
				SWIFT_EMIT_LOC_STRINGS = NO;
				SWIFT_VERSION = 5.0;
				TARGETED_DEVICE_FAMILY = "1,2";
				TEST_HOST = "$(BUILT_PRODUCTS_DIR)/EmployeeDirectory.app/$(BUNDLE_EXECUTABLE_FOLDER_PATH)/EmployeeDirectory";
			};
			name = Release;
		};
		06A295AA291DDFC8006FACEF /* Debug */ = {
			isa = XCBuildConfiguration;
			buildSettings = {
				ALWAYS_EMBED_SWIFT_STANDARD_LIBRARIES = YES;
				CODE_SIGN_STYLE = Automatic;
				CURRENT_PROJECT_VERSION = 1;
				GENERATE_INFOPLIST_FILE = YES;
				MARKETING_VERSION = 1.0;
				PRODUCT_BUNDLE_IDENTIFIER = com.bsakhuja.EmployeeDirectoryUITests;
				PRODUCT_NAME = "$(TARGET_NAME)";
				SWIFT_EMIT_LOC_STRINGS = NO;
				SWIFT_VERSION = 5.0;
				TARGETED_DEVICE_FAMILY = "1,2";
				TEST_TARGET_NAME = EmployeeDirectory;
			};
			name = Debug;
		};
		06A295AB291DDFC8006FACEF /* Release */ = {
			isa = XCBuildConfiguration;
			buildSettings = {
				ALWAYS_EMBED_SWIFT_STANDARD_LIBRARIES = YES;
				CODE_SIGN_STYLE = Automatic;
				CURRENT_PROJECT_VERSION = 1;
				GENERATE_INFOPLIST_FILE = YES;
				MARKETING_VERSION = 1.0;
				PRODUCT_BUNDLE_IDENTIFIER = com.bsakhuja.EmployeeDirectoryUITests;
				PRODUCT_NAME = "$(TARGET_NAME)";
				SWIFT_EMIT_LOC_STRINGS = NO;
				SWIFT_VERSION = 5.0;
				TARGETED_DEVICE_FAMILY = "1,2";
				TEST_TARGET_NAME = EmployeeDirectory;
			};
			name = Release;
		};
/* End XCBuildConfiguration section */

/* Begin XCConfigurationList section */
		06A2957A291DDFC5006FACEF /* Build configuration list for PBXProject "EmployeeDirectory" */ = {
			isa = XCConfigurationList;
			buildConfigurations = (
				06A295A1291DDFC8006FACEF /* Debug */,
				06A295A2291DDFC8006FACEF /* Release */,
			);
			defaultConfigurationIsVisible = 0;
			defaultConfigurationName = Release;
		};
		06A295A3291DDFC8006FACEF /* Build configuration list for PBXNativeTarget "EmployeeDirectory" */ = {
			isa = XCConfigurationList;
			buildConfigurations = (
				06A295A4291DDFC8006FACEF /* Debug */,
				06A295A5291DDFC8006FACEF /* Release */,
			);
			defaultConfigurationIsVisible = 0;
			defaultConfigurationName = Release;
		};
		06A295A6291DDFC8006FACEF /* Build configuration list for PBXNativeTarget "EmployeeDirectoryTests" */ = {
			isa = XCConfigurationList;
			buildConfigurations = (
				06A295A7291DDFC8006FACEF /* Debug */,
				06A295A8291DDFC8006FACEF /* Release */,
			);
			defaultConfigurationIsVisible = 0;
			defaultConfigurationName = Release;
		};
		06A295A9291DDFC8006FACEF /* Build configuration list for PBXNativeTarget "EmployeeDirectoryUITests" */ = {
			isa = XCConfigurationList;
			buildConfigurations = (
				06A295AA291DDFC8006FACEF /* Debug */,
				06A295AB291DDFC8006FACEF /* Release */,
			);
			defaultConfigurationIsVisible = 0;
			defaultConfigurationName = Release;
		};
/* End XCConfigurationList section */
	};
	rootObject = 06A29577291DDFC5006FACEF /* Project object */;
}
